
Microsoft Visual Studio Solution File, Format Version 12.00
# Visual Studio 2013
VisualStudioVersion = 12.0.21005.1
MinimumVisualStudioVersion = 10.0.40219.1
Project("{FAE04EC0-301F-11D3-BF4B-00C04F79EFBC}") = "AsyncRobot.Domain", "AsyncRobot.Domain\AsyncRobot.Domain.csproj", "{0CA67525-3DCB-4A91-A25C-5B3C4A355647}"
EndProject
Project("{FAE04EC0-301F-11D3-BF4B-00C04F79EFBC}") = "AsyncRobot.Test", "AsyncRobot.Test\AsyncRobot.Test.csproj", "{B92C2B30-7DD7-4B95-B486-D8C63F63F79E}"
EndProject
Project("{FAE04EC0-301F-11D3-BF4B-00C04F79EFBC}") = "AsyncRobot.Web", "AsyncRobot.Web\AsyncRobot.Web.csproj", "{8FFAF329-40C1-4949-AFC4-CE0D13C3232A}"
EndProject
Global
	GlobalSection(SolutionConfigurationPlatforms) = preSolution
		Debug|Any CPU = Debug|Any CPU
		Release|Any CPU = Release|Any CPU
	EndGlobalSection
	GlobalSection(ProjectConfigurationPlatforms) = postSolution
		{0CA67525-3DCB-4A91-A25C-5B3C4A355647}.Debug|Any CPU.ActiveCfg = Debug|Any CPU
		{0CA67525-3DCB-4A91-A25C-5B3C4A355647}.Debug|Any CPU.Build.0 = Debug|Any CPU
		{0CA67525-3DCB-4A91-A25C-5B3C4A355647}.Release|Any CPU.ActiveCfg = Release|Any CPU
		{0CA67525-3DCB-4A91-A25C-5B3C4A355647}.Release|Any CPU.Build.0 = Release|Any CPU
		{B92C2B30-7DD7-4B95-B486-D8C63F63F79E}.Debug|Any CPU.ActiveCfg = Debug|Any CPU
		{B92C2B30-7DD7-4B95-B486-D8C63F63F79E}.Debug|Any CPU.Build.0 = Debug|Any CPU
		{B92C2B30-7DD7-4B95-B486-D8C63F63F79E}.Release|Any CPU.ActiveCfg = Release|Any CPU
		{B92C2B30-7DD7-4B95-B486-D8C63F63F79E}.Release|Any CPU.Build.0 = Release|Any CPU
		{8FFAF329-40C1-4949-AFC4-CE0D13C3232A}.Debug|Any CPU.ActiveCfg = Debug|Any CPU
		{8FFAF329-40C1-4949-AFC4-CE0D13C3232A}.Debug|Any CPU.Build.0 = Debug|Any CPU
		{8FFAF329-40C1-4949-AFC4-CE0D13C3232A}.Release|Any CPU.ActiveCfg = Release|Any CPU
		{8FFAF329-40C1-4949-AFC4-CE0D13C3232A}.Release|Any CPU.Build.0 = Release|Any CPU
	EndGlobalSection
	GlobalSection(SolutionProperties) = preSolution
		HideSolutionNode = FALSE
	EndGlobalSection
EndGlobal
